
Microsoft Visual Studio Solution File, Format Version 12.00
# Visual Studio Version 17
VisualStudioVersion = 17.10.35201.131
MinimumVisualStudioVersion = 10.0.40219.1
Project("{FAE04EC0-301F-11D3-BF4B-00C04F79EFBC}") = "Vacation.API", "Vacation.API.csproj", "{B0088079-F35F-4D81-9C46-BBEB0DC0AA5E}"
EndProject
Project("{2150E333-8FDC-42A3-9474-1A3956D46DE8}") = "Solution Items", "Solution Items", "{47E4764C-D357-4CE5-A3D4-13FD9E0DDD36}"
	ProjectSection(SolutionItems) = preProject
		GS_steps.txt = GS_steps.txt
	EndProjectSection
EndProject
Global
	GlobalSection(SolutionConfigurationPlatforms) = preSolution
		Debug|Any CPU = Debug|Any CPU
		Release|Any CPU = Release|Any CPU
	EndGlobalSection
	GlobalSection(ProjectConfigurationPlatforms) = postSolution
		{B0088079-F35F-4D81-9C46-BBEB0DC0AA5E}.Debug|Any CPU.ActiveCfg = Debug|Any CPU
		{B0088079-F35F-4D81-9C46-BBEB0DC0AA5E}.Debug|Any CPU.Build.0 = Debug|Any CPU
		{B0088079-F35F-4D81-9C46-BBEB0DC0AA5E}.Release|Any CPU.ActiveCfg = Release|Any CPU
		{B0088079-F35F-4D81-9C46-BBEB0DC0AA5E}.Release|Any CPU.Build.0 = Release|Any CPU
	EndGlobalSection
	GlobalSection(SolutionProperties) = preSolution
		HideSolutionNode = FALSE
	EndGlobalSection
	GlobalSection(ExtensibilityGlobals) = postSolution
		SolutionGuid = {C0DC44C5-61BE-4F85-AB85-2EBDD98B3F24}
	EndGlobalSection
EndGlobal
